<Solution>
  <Folder Name="/.github/">
    <File Path=".github/workflows/dotnet-ci.yml" />
  </Folder>
  <Folder Name="/docs/">
    <File Path="docs/README.md" />
    <File Path="docs/getting-started.md" />
    <File Path="docs/dispatchers.md" />
    <File Path="docs/advanced-patterns.md" />
    <File Path="docs/native-aot.md" />
    <File Path="docs/api-reference.md" />
  </Folder>
  <Folder Name="/examples/">
    <Project Path="examples/ConsoleQuickStart/ConsoleQuickStart.csproj" />
    <Project Path="examples/MinimalApi/MinimalApi.csproj" />
    <Project Path="examples/HighPerformance/HighPerformance.csproj" />
  </Folder>
  <Folder Name="/src/">
    <Project Path="src/SharpDispatch/SharpDispatch.csproj" />
  </Folder>
  <Folder Name="/tests/">
    <Project Path="tests/SharpDispatch.Tests/SharpDispatch.Tests.csproj" />
  </Folder>
</Solution>

